// !$*UTF8*$!
{
	archiveVersion = 1;
	classes = {
	};
	objectVersion = 50;
	objects = {

/* Begin PBXBuildFile section */
		27AC0329245CC975007D2699 /* main.cpp in Sources */ = {isa = PBXBuildFile; fileRef = 27AC0328245CC975007D2699 /* main.cpp */; };
		27AC0331245CC986007D2699 /* GLUT.framework in Frameworks */ = {isa = PBXBuildFile; fileRef = 27AC0330245CC986007D2699 /* GLUT.framework */; };
		27AC0333245CC98D007D2699 /* Cocoa.framework in Frameworks */ = {isa = PBXBuildFile; fileRef = 27AC0332245CC98D007D2699 /* Cocoa.framework */; };
		27AC0335245CC993007D2699 /* OpenGL.framework in Frameworks */ = {isa = PBXBuildFile; fileRef = 27AC0334245CC993007D2699 /* OpenGL.framework */; };
		27AC0338245CC9CA007D2699 /* framework.cpp in Sources */ = {isa = PBXBuildFile; fileRef = 27AC0337245CC9CA007D2699 /* framework.cpp */; };
/* End PBXBuildFile section */

/* Begin PBXCopyFilesBuildPhase section */
		27AC0323245CC975007D2699 /* CopyFiles */ = {
			isa = PBXCopyFilesBuildPhase;
			buildActionMask = 2147483647;
			dstPath = /usr/share/man/man1/;
			dstSubfolderSpec = 0;
			files = (
			);
			runOnlyForDeploymentPostprocessing = 1;
		};
/* End PBXCopyFilesBuildPhase section */

/* Begin PBXFileReference section */
		27AC0325245CC975007D2699 /* grafika-3d-enginelet */ = {isa = PBXFileReference; explicitFileType = "compiled.mach-o.executable"; includeInIndex = 0; path = "grafika-3d-enginelet"; sourceTree = BUILT_PRODUCTS_DIR; };
		27AC0328245CC975007D2699 /* main.cpp */ = {isa = PBXFileReference; lastKnownFileType = sourcecode.cpp.cpp; path = main.cpp; sourceTree = "<group>"; };
		27AC0330245CC986007D2699 /* GLUT.framework */ = {isa = PBXFileReference; lastKnownFileType = wrapper.framework; name = GLUT.framework; path = System/Library/Frameworks/GLUT.framework; sourceTree = SDKROOT; };
		27AC0332245CC98D007D2699 /* Cocoa.framework */ = {isa = PBXFileReference; lastKnownFileType = wrapper.framework; name = Cocoa.framework; path = System/Library/Frameworks/Cocoa.framework; sourceTree = SDKROOT; };
		27AC0334245CC993007D2699 /* OpenGL.framework */ = {isa = PBXFileReference; lastKnownFileType = wrapper.framework; name = OpenGL.framework; path = System/Library/Frameworks/OpenGL.framework; sourceTree = SDKROOT; };
		27AC0336245CC9CA007D2699 /* framework.h */ = {isa = PBXFileReference; fileEncoding = 4; lastKnownFileType = sourcecode.c.h; path = framework.h; sourceTree = "<group>"; };
		27AC0337245CC9CA007D2699 /* framework.cpp */ = {isa = PBXFileReference; fileEncoding = 4; lastKnownFileType = sourcecode.cpp.cpp; path = framework.cpp; sourceTree = "<group>"; };
/* End PBXFileReference section */

/* Begin PBXFrameworksBuildPhase section */
		27AC0322245CC975007D2699 /* Frameworks */ = {
			isa = PBXFrameworksBuildPhase;
			buildActionMask = 2147483647;
			files = (
				27AC0335245CC993007D2699 /* OpenGL.framework in Frameworks */,
				27AC0333245CC98D007D2699 /* Cocoa.framework in Frameworks */,
				27AC0331245CC986007D2699 /* GLUT.framework in Frameworks */,
			);
			runOnlyForDeploymentPostprocessing = 0;
		};
/* End PBXFrameworksBuildPhase section */

/* Begin PBXGroup section */
		27AC031C245CC974007D2699 = {
			isa = PBXGroup;
			children = (
				27AC0327245CC975007D2699 /* grafika-3d-enginelet */,
				27AC0326245CC975007D2699 /* Products */,
				27AC032F245CC986007D2699 /* Frameworks */,
			);
			sourceTree = "<group>";
		};
		27AC0326245CC975007D2699 /* Products */ = {
			isa = PBXGroup;
			children = (
				27AC0325245CC975007D2699 /* grafika-3d-enginelet */,
			);
			name = Products;
			sourceTree = "<group>";
		};
		27AC0327245CC975007D2699 /* grafika-3d-enginelet */ = {
			isa = PBXGroup;
			children = (
				27AC0328245CC975007D2699 /* main.cpp */,
				27AC0337245CC9CA007D2699 /* framework.cpp */,
				27AC0336245CC9CA007D2699 /* framework.h */,
			);
			path = "grafika-3d-enginelet";
			sourceTree = "<group>";
		};
		27AC032F245CC986007D2699 /* Frameworks */ = {
			isa = PBXGroup;
			children = (
				27AC0334245CC993007D2699 /* OpenGL.framework */,
				27AC0332245CC98D007D2699 /* Cocoa.framework */,
				27AC0330245CC986007D2699 /* GLUT.framework */,
			);
			name = Frameworks;
			sourceTree = "<group>";
		};
/* End PBXGroup section */

/* Begin PBXNativeTarget section */
		27AC0324245CC975007D2699 /* grafika-3d-enginelet */ = {
			isa = PBXNativeTarget;
			buildConfigurationList = 27AC032C245CC975007D2699 /* Build configuration list for PBXNativeTarget "grafika-3d-enginelet" */;
			buildPhases = (
				27AC0321245CC975007D2699 /* Sources */,
				27AC0322245CC975007D2699 /* Frameworks */,
				27AC0323245CC975007D2699 /* CopyFiles */,
			);
			buildRules = (
			);
			dependencies = (
			);
			name = "grafika-3d-enginelet";
			productName = "grafika-3d-enginelet";
			productReference = 27AC0325245CC975007D2699 /* grafika-3d-enginelet */;
			productType = "com.apple.product-type.tool";
		};
/* End PBXNativeTarget section */

/* Begin PBXProject section */
		27AC031D245CC974007D2699 /* Project object */ = {
			isa = PBXProject;
			attributes = {
				LastUpgradeCheck = 1110;
				ORGANIZATIONNAME = "Béres Balázs";
				TargetAttributes = {
					27AC0324245CC975007D2699 = {
						CreatedOnToolsVersion = 11.1;
					};
				};
			};
			buildConfigurationList = 27AC0320245CC974007D2699 /* Build configuration list for PBXProject "grafika-3d-enginelet" */;
			compatibilityVersion = "Xcode 9.3";
			developmentRegion = en;
			hasScannedForEncodings = 0;
			knownRegions = (
				en,
				Base,
			);
			mainGroup = 27AC031C245CC974007D2699;
			productRefGroup = 27AC0326245CC975007D2699 /* Products */;
			projectDirPath = "";
			projectRoot = "";
			targets = (
				27AC0324245CC975007D2699 /* grafika-3d-enginelet */,
			);
		};
/* End PBXProject section */

/* Begin PBXSourcesBuildPhase section */
		27AC0321245CC975007D2699 /* Sources */ = {
			isa = PBXSourcesBuildPhase;
			buildActionMask = 2147483647;
			files = (
				27AC0338245CC9CA007D2699 /* framework.cpp in Sources */,
				27AC0329245CC975007D2699 /* main.cpp in Sources */,
			);
			runOnlyForDeploymentPostprocessing = 0;
		};
/* End PBXSourcesBuildPhase section */

/* Begin XCBuildConfiguration section */
		27AC032A245CC975007D2699 /* Debug */ = {
			isa = XCBuildConfiguration;
			buildSettings = {
				ALWAYS_SEARCH_USER_PATHS = NO;
				CLANG_ANALYZER_NONNULL = YES;
				CLANG_ANALYZER_NUMBER_OBJECT_CONVERSION = YES_AGGRESSIVE;
				CLANG_CXX_LANGUAGE_STANDARD = "gnu++14";
				CLANG_CXX_LIBRARY = "libc++";
				CLANG_ENABLE_MODULES = YES;
				CLANG_ENABLE_OBJC_ARC = YES;
				CLANG_ENABLE_OBJC_WEAK = YES;
				CLANG_WARN_BLOCK_CAPTURE_AUTORELEASING = YES;
				CLANG_WARN_BOOL_CONVERSION = YES;
				CLANG_WARN_COMMA = YES;
				CLANG_WARN_CONSTANT_CONVERSION = YES;
				CLANG_WARN_DEPRECATED_OBJC_IMPLEMENTATIONS = YES;
				CLANG_WARN_DIRECT_OBJC_ISA_USAGE = YES_ERROR;
				CLANG_WARN_DOCUMENTATION_COMMENTS = YES;
				CLANG_WARN_EMPTY_BODY = YES;
				CLANG_WARN_ENUM_CONVERSION = YES;
				CLANG_WARN_INFINITE_RECURSION = YES;
				CLANG_WARN_INT_CONVERSION = YES;
				CLANG_WARN_NON_LITERAL_NULL_CONVERSION = YES;
				CLANG_WARN_OBJC_IMPLICIT_RETAIN_SELF = YES;
				CLANG_WARN_OBJC_LITERAL_CONVERSION = YES;
				CLANG_WARN_OBJC_ROOT_CLASS = YES_ERROR;
				CLANG_WARN_RANGE_LOOP_ANALYSIS = YES;
				CLANG_WARN_STRICT_PROTOTYPES = YES;
				CLANG_WARN_SUSPICIOUS_MOVE = YES;
				CLANG_WARN_UNGUARDED_AVAILABILITY = YES_AGGRESSIVE;
				CLANG_WARN_UNREACHABLE_CODE = YES;
				CLANG_WARN__DUPLICATE_METHOD_MATCH = YES;
				COPY_PHASE_STRIP = NO;
				DEBUG_INFORMATION_FORMAT = dwarf;
				ENABLE_STRICT_OBJC_MSGSEND = YES;
				ENABLE_TESTABILITY = YES;
				GCC_C_LANGUAGE_STANDARD = gnu11;
				GCC_DYNAMIC_NO_PIC = NO;
				GCC_NO_COMMON_BLOCKS = YES;
				GCC_OPTIMIZATION_LEVEL = 0;
				GCC_PREPROCESSOR_DEFINITIONS = (
					"DEBUG=1",
					"$(inherited)",
				);
				GCC_WARN_64_TO_32_BIT_CONVERSION = YES;
				GCC_WARN_ABOUT_RETURN_TYPE = YES_ERROR;
				GCC_WARN_UNDECLARED_SELECTOR = YES;
				GCC_WARN_UNINITIALIZED_AUTOS = YES_AGGRESSIVE;
				GCC_WARN_UNUSED_FUNCTION = YES;
				GCC_WARN_UNUSED_VARIABLE = YES;
				MACOSX_DEPLOYMENT_TARGET = 10.15;
				MTL_ENABLE_DEBUG_INFO = INCLUDE_SOURCE;
				MTL_FAST_MATH = YES;
				ONLY_ACTIVE_ARCH = YES;
				SDKROOT = macosx;
			};
			name = Debug;
		};
		27AC032B245CC975007D2699 /* Release */ = {
			isa = XCBuildConfiguration;
			buildSettings = {
				ALWAYS_SEARCH_USER_PATHS = NO;
				CLANG_ANALYZER_NONNULL = YES;
				CLANG_ANALYZER_NUMBER_OBJECT_CONVERSION = YES_AGGRESSIVE;
				CLANG_CXX_LANGUAGE_STANDARD = "gnu++14";
				CLANG_CXX_LIBRARY = "libc++";
				CLANG_ENABLE_MODULES = YES;
				CLANG_ENABLE_OBJC_ARC = YES;
				CLANG_ENABLE_OBJC_WEAK = YES;
				CLANG_WARN_BLOCK_CAPTURE_AUTORELEASING = YES;
				CLANG_WARN_BOOL_CONVERSION = YES;
				CLANG_WARN_COMMA = YES;
				CLANG_WARN_CONSTANT_CONVERSION = YES;
				CLANG_WARN_DEPRECATED_OBJC_IMPLEMENTATIONS = YES;
				CLANG_WARN_DIRECT_OBJC_ISA_USAGE = YES_ERROR;
				CLANG_WARN_DOCUMENTATION_COMMENTS = YES;
				CLANG_WARN_EMPTY_BODY = YES;
				CLANG_WARN_ENUM_CONVERSION = YES;
				CLANG_WARN_INFINITE_RECURSION = YES;
				CLANG_WARN_INT_CONVERSION = YES;
				CLANG_WARN_NON_LITERAL_NULL_CONVERSION = YES;
				CLANG_WARN_OBJC_IMPLICIT_RETAIN_SELF = YES;
				CLANG_WARN_OBJC_LITERAL_CONVERSION = YES;
				CLANG_WARN_OBJC_ROOT_CLASS = YES_ERROR;
				CLANG_WARN_RANGE_LOOP_ANALYSIS = YES;
				CLANG_WARN_STRICT_PROTOTYPES = YES;
				CLANG_WARN_SUSPICIOUS_MOVE = YES;
				CLANG_WARN_UNGUARDED_AVAILABILITY = YES_AGGRESSIVE;
				CLANG_WARN_UNREACHABLE_CODE = YES;
				CLANG_WARN__DUPLICATE_METHOD_MATCH = YES;
				COPY_PHASE_STRIP = NO;
				DEBUG_INFORMATION_FORMAT = "dwarf-with-dsym";
				ENABLE_NS_ASSERTIONS = NO;
				ENABLE_STRICT_OBJC_MSGSEND = YES;
				GCC_C_LANGUAGE_STANDARD = gnu11;
				GCC_NO_COMMON_BLOCKS = YES;
				GCC_WARN_64_TO_32_BIT_CONVERSION = YES;
				GCC_WARN_ABOUT_RETURN_TYPE = YES_ERROR;
				GCC_WARN_UNDECLARED_SELECTOR = YES;
				GCC_WARN_UNINITIALIZED_AUTOS = YES_AGGRESSIVE;
				GCC_WARN_UNUSED_FUNCTION = YES;
				GCC_WARN_UNUSED_VARIABLE = YES;
				MACOSX_DEPLOYMENT_TARGET = 10.15;
				MTL_ENABLE_DEBUG_INFO = NO;
				MTL_FAST_MATH = YES;
				SDKROOT = macosx;
			};
			name = Release;
		};
		27AC032D245CC975007D2699 /* Debug */ = {
			isa = XCBuildConfiguration;
			buildSettings = {
				CODE_SIGN_STYLE = Automatic;
				GCC_WARN_ABOUT_DEPRECATED_FUNCTIONS = NO;
				PRODUCT_NAME = "$(TARGET_NAME)";
			};
			name = Debug;
		};
		27AC032E245CC975007D2699 /* Release */ = {
			isa = XCBuildConfiguration;
			buildSettings = {
				CODE_SIGN_STYLE = Automatic;
				GCC_WARN_ABOUT_DEPRECATED_FUNCTIONS = NO;
				PRODUCT_NAME = "$(TARGET_NAME)";
			};
			name = Release;
		};
/* End XCBuildConfiguration section */

/* Begin XCConfigurationList section */
		27AC0320245CC974007D2699 /* Build configuration list for PBXProject "grafika-3d-enginelet" */ = {
			isa = XCConfigurationList;
			buildConfigurations = (
				27AC032A245CC975007D2699 /* Debug */,
				27AC032B245CC975007D2699 /* Release */,
			);
			defaultConfigurationIsVisible = 0;
			defaultConfigurationName = Release;
		};
		27AC032C245CC975007D2699 /* Build configuration list for PBXNativeTarget "grafika-3d-enginelet" */ = {
			isa = XCConfigurationList;
			buildConfigurations = (
				27AC032D245CC975007D2699 /* Debug */,
				27AC032E245CC975007D2699 /* Release */,
			);
			defaultConfigurationIsVisible = 0;
			defaultConfigurationName = Release;
		};
/* End XCConfigurationList section */
	};
	rootObject = 27AC031D245CC974007D2699 /* Project object */;
}
